{
  "version": 4,
  "terraform_version": "1.6.3",
  "serial": 1190,
  "lineage": "5b93694b-26dc-7d89-d6b2-553c2cb6774c",
  "outputs": {},
  "resources": [
    {
      "mode": "data",
      "type": "aws_ami",
      "name": "ecs_optimized_amazon_linux_ami",
      "provider": "provider[\"registry.terraform.io/hashicorp/aws\"]",
      "instances": [
        {
          "schema_version": 0,
          "attributes": {
            "architecture": "x86_64",
            "arn": "arn:aws:ec2:us-east-1::image/ami-0a7d80731ae1b2435",
            "block_device_mappings": [
              {
                "device_name": "/dev/sda1",
                "ebs": {
                  "delete_on_termination": "true",
                  "encrypted": "false",
                  "iops": "0",
                  "snapshot_id": "snap-00401753cf6f4b5e3",
                  "throughput": "0",
                  "volume_size": "8",
                  "volume_type": "gp2"
                },
                "no_device": "",
                "virtual_name": ""
              },
              {
                "device_name": "/dev/sdb",
                "ebs": {},
                "no_device": "",
                "virtual_name": "ephemeral0"
              },
              {
                "device_name": "/dev/sdc",
                "ebs": {},
                "no_device": "",
                "virtual_name": "ephemeral1"
              }
            ],
            "boot_mode": "uefi-preferred",
            "creation_date": "2025-05-16T06:42:41.000Z",
            "deprecation_time": "2027-05-16T06:42:41.000Z",
            "description": "Canonical, Ubuntu, 22.04, amd64 jammy image",
            "ena_support": true,
            "executable_users": null,
            "filter": [
              {
                "name": "name",
                "values": [
                  "ubuntu/images/hvm-ssd/ubuntu-jammy-22.04-amd64-server-*"
                ]
              },
              {
                "name": "virtualization-type",
                "values": [
                  "hvm"
                ]
              }
            ],
            "hypervisor": "xen",
            "id": "ami-0a7d80731ae1b2435",
            "image_id": "ami-0a7d80731ae1b2435",
            "image_location": "amazon/ubuntu/images/hvm-ssd/ubuntu-jammy-22.04-amd64-server-20250516",
            "image_owner_alias": "amazon",
            "image_type": "machine",
            "imds_support": "",
            "include_deprecated": false,
            "kernel_id": "",
            "most_recent": true,
            "name": "ubuntu/images/hvm-ssd/ubuntu-jammy-22.04-amd64-server-20250516",
            "name_regex": null,
            "owner_id": "099720109477",
            "owners": [
              "099720109477"
            ],
            "platform": "",
            "platform_details": "Linux/UNIX",
            "product_codes": [],
            "public": true,
            "ramdisk_id": "",
            "root_device_name": "/dev/sda1",
            "root_device_type": "ebs",
            "root_snapshot_id": "snap-00401753cf6f4b5e3",
            "sriov_net_support": "simple",
            "state": "available",
            "state_reason": {
              "code": "UNSET",
              "message": "UNSET"
            },
            "tags": {},
            "timeouts": null,
            "tpm_support": "",
            "usage_operation": "RunInstances",
            "virtualization_type": "hvm"
          },
          "sensitive_attributes": []
        }
      ]
    },
    {
      "mode": "data",
      "type": "aws_caller_identity",
      "name": "current",
      "provider": "provider[\"registry.terraform.io/hashicorp/aws\"]",
      "instances": [
        {
          "schema_version": 0,
          "attributes": {
            "account_id": "902308669087",
            "arn": "arn:aws:sts::902308669087:assumed-role/voclabs/user4075417=dpoturak1@etf.unsa.ba",
            "id": "902308669087",
            "user_id": "AROA5EFOJU2PZQ6TYRJ2U:user4075417=dpoturak1@etf.unsa.ba"
          },
          "sensitive_attributes": []
        }
      ]
    },
    {
      "mode": "data",
      "type": "aws_iam_instance_profile",
      "name": "lab_instance_profile",
      "provider": "provider[\"registry.terraform.io/hashicorp/aws\"]",
      "instances": [
        {
          "schema_version": 0,
          "attributes": {
            "arn": "arn:aws:iam::902308669087:instance-profile/LabInstanceProfile",
            "create_date": "2025-05-09 12:52:07 +0000 UTC",
            "id": "AIPA5EFOJU2PVUR3ZQFTB",
            "name": "LabInstanceProfile",
            "path": "/",
            "role_arn": null,
            "role_id": null,
            "role_name": null
          },
          "sensitive_attributes": []
        }
      ]
    },
    {
      "mode": "data",
      "type": "aws_iam_policy_document",
      "name": "ebs_encryption_kms_key_policy",
      "provider": "provider[\"registry.terraform.io/hashicorp/aws\"]",
      "instances": [
        {
          "schema_version": 0,
          "attributes": {
            "id": "4179480472",
            "json": "{\n  \"Version\": \"2012-10-17\",\n  \"Statement\": [\n    {\n      \"Sid\": \"Allow all to root and terraform user\",\n      \"Effect\": \"Allow\",\n      \"Action\": \"kms:*\",\n      \"Resource\": \"*\",\n      \"Principal\": {\n        \"AWS\": \"arn:aws:sts::902308669087:assumed-role/voclabs/user4075417=dpoturak1@etf.unsa.ba\"\n      }\n    },\n    {\n      \"Sid\": \"Allow service-linked role use of the customer managed key\",\n      \"Effect\": \"Allow\",\n      \"Action\": [\n        \"kms:ReEncrypt*\",\n        \"kms:GenerateDataKey*\",\n        \"kms:Encrypt\",\n        \"kms:DescribeKey\",\n        \"kms:Decrypt\"\n      ],\n      \"Resource\": \"*\",\n      \"Principal\": {\n        \"AWS\": [\n          \"arn:aws:sts::902308669087:assumed-role/voclabs/user4075417=dpoturak1@etf.unsa.ba\",\n          \"arn:aws:iam::902308669087:role/aws-service-role/autoscaling.amazonaws.com/AWSServiceRoleForAutoScaling\"\n        ]\n      }\n    },\n    {\n      \"Sid\": \"Allow attachment of persistent resources\",\n      \"Effect\": \"Allow\",\n      \"Action\": \"kms:CreateGrant\",\n      \"Resource\": \"*\",\n      \"Principal\": {\n        \"AWS\": [\n          \"arn:aws:sts::902308669087:assumed-role/voclabs/user4075417=dpoturak1@etf.unsa.ba\",\n          \"arn:aws:iam::902308669087:role/aws-service-role/autoscaling.amazonaws.com/AWSServiceRoleForAutoScaling\"\n        ]\n      },\n      \"Condition\": {\n        \"Bool\": {\n          \"kms:GrantIsForAWSResource\": \"true\"\n        }\n      }\n    }\n  ]\n}",
            "override_json": null,
            "override_policy_documents": null,
            "policy_id": null,
            "source_json": null,
            "source_policy_documents": null,
            "statement": [
              {
                "actions": [
                  "kms:*"
                ],
                "condition": [],
                "effect": "Allow",
                "not_actions": [],
                "not_principals": [],
                "not_resources": [],
                "principals": [
                  {
                    "identifiers": [
                      "arn:aws:sts::902308669087:assumed-role/voclabs/user4075417=dpoturak1@etf.unsa.ba"
                    ],
                    "type": "AWS"
                  }
                ],
                "resources": [
                  "*"
                ],
                "sid": "Allow all to root and terraform user"
              },
              {
                "actions": [
                  "kms:Decrypt",
                  "kms:DescribeKey",
                  "kms:Encrypt",
                  "kms:GenerateDataKey*",
                  "kms:ReEncrypt*"
                ],
                "condition": [],
                "effect": "Allow",
                "not_actions": [],
                "not_principals": [],
                "not_resources": [],
                "principals": [
                  {
                    "identifiers": [
                      "arn:aws:iam::902308669087:role/aws-service-role/autoscaling.amazonaws.com/AWSServiceRoleForAutoScaling",
                      "arn:aws:sts::902308669087:assumed-role/voclabs/user4075417=dpoturak1@etf.unsa.ba"
                    ],
                    "type": "AWS"
                  }
                ],
                "resources": [
                  "*"
                ],
                "sid": "Allow service-linked role use of the customer managed key"
              },
              {
                "actions": [
                  "kms:CreateGrant"
                ],
                "condition": [
                  {
                    "test": "Bool",
                    "values": [
                      "true"
                    ],
                    "variable": "kms:GrantIsForAWSResource"
                  }
                ],
                "effect": "Allow",
                "not_actions": [],
                "not_principals": [],
                "not_resources": [],
                "principals": [
                  {
                    "identifiers": [
                      "arn:aws:iam::902308669087:role/aws-service-role/autoscaling.amazonaws.com/AWSServiceRoleForAutoScaling",
                      "arn:aws:sts::902308669087:assumed-role/voclabs/user4075417=dpoturak1@etf.unsa.ba"
                    ],
                    "type": "AWS"
                  }
                ],
                "resources": [
                  "*"
                ],
                "sid": "Allow attachment of persistent resources"
              }
            ],
            "version": "2012-10-17"
          },
          "sensitive_attributes": []
        }
      ]
    },
    {
      "mode": "data",
      "type": "aws_iam_role",
      "name": "lab_role",
      "provider": "provider[\"registry.terraform.io/hashicorp/aws\"]",
      "instances": [
        {
          "schema_version": 0,
          "attributes": {
            "arn": "arn:aws:iam::902308669087:role/LabRole",
            "assume_role_policy": "{\"Version\":\"2012-10-17\",\"Statement\":[{\"Effect\":\"Allow\",\"Principal\":{\"AWS\":\"arn:aws:iam::902308669087:role/LabRole\",\"Service\":[\"eks.amazonaws.com\",\"glue.amazonaws.com\",\"codedeploy.amazonaws.com\",\"codewhisperer.amazonaws.com\",\"credentials.iot.amazonaws.com\",\"redshift.amazonaws.com\",\"ssm.amazonaws.com\",\"cloud9.amazonaws.com\",\"secretsmanager.amazonaws.com\",\"cloudformation.amazonaws.com\",\"sns.amazonaws.com\",\"iotanalytics.amazonaws.com\",\"elasticfilesystem.amazonaws.com\",\"lambda.amazonaws.com\",\"rekognition.amazonaws.com\",\"resource-groups.amazonaws.com\",\"ec2.application-autoscaling.amazonaws.com\",\"elasticloadbalancing.amazonaws.com\",\"ecs.amazonaws.com\",\"iot.amazonaws.com\",\"application-autoscaling.amazonaws.com\",\"apigateway.amazonaws.com\",\"ec2.amazonaws.com\",\"athena.amazonaws.com\",\"sqs.amazonaws.com\",\"kinesisanalytics.amazonaws.com\",\"forecast.amazonaws.com\",\"kinesis.amazonaws.com\",\"backup.amazonaws.com\",\"servicecatalog.amazonaws.com\",\"rds.amazonaws.com\",\"cognito-idp.amazonaws.com\",\"databrew.amazonaws.com\",\"deepracer.amazonaws.com\",\"s3.amazonaws.com\",\"eks-fargate-pods.amazonaws.com\",\"batch.amazonaws.com\",\"scheduler.amazonaws.com\",\"autoscaling.amazonaws.com\",\"sagemaker.amazonaws.com\",\"pipes.amazonaws.com\",\"ecs-tasks.amazonaws.com\",\"kms.amazonaws.com\",\"elasticbeanstalk.amazonaws.com\",\"elasticmapreduce.amazonaws.com\",\"dynamodb.amazonaws.com\",\"states.amazonaws.com\",\"events.amazonaws.com\",\"cloudtrail.amazonaws.com\",\"logs.amazonaws.com\",\"firehose.amazonaws.com\",\"iotevents.amazonaws.com\",\"codecommit.amazonaws.com\"]},\"Action\":\"sts:AssumeRole\"}]}",
            "create_date": "2025-05-09T12:51:48Z",
            "description": "",
            "id": "LabRole",
            "max_session_duration": 3600,
            "name": "LabRole",
            "path": "/",
            "permissions_boundary": "",
            "role_last_used": [
              {
                "last_used_date": "2025-05-30T13:45:28Z",
                "region": "us-east-1"
              }
            ],
            "tags": {
              "cloudlab": "c156260a4013975l10246802t1w902308669087"
            },
            "unique_id": "AROA5EFOJU2PVUIW3OOQ6"
          },
          "sensitive_attributes": []
        }
      ]
    },
    {
      "mode": "managed",
      "type": "aws_autoscaling_group",
      "name": "arm_autoscaling_group",
      "provider": "provider[\"registry.terraform.io/hashicorp/aws\"]",
      "instances": [
        {
          "schema_version": 0,
          "attributes": {
            "arn": "arn:aws:autoscaling:us-east-1:902308669087:autoScalingGroup:897cfae1-213a-4584-94fe-88c9486be03a:autoScalingGroupName/arm_autoscaling_group20250530140718310400000006",
            "availability_zones": [
              "us-east-1d"
            ],
            "capacity_rebalance": false,
            "context": "",
            "default_cooldown": 300,
            "default_instance_warmup": 0,
            "desired_capacity": 1,
            "desired_capacity_type": "",
            "enabled_metrics": null,
            "force_delete": false,
            "force_delete_warm_pool": false,
            "health_check_grace_period": 300,
            "health_check_type": "EC2",
            "id": "arm_autoscaling_group20250530140718310400000006",
            "initial_lifecycle_hook": [],
            "instance_refresh": [],
            "launch_configuration": "",
            "launch_template": [
              {
                "id": "lt-0ece7d4bf0fcc2e21",
                "name": "arm_launch_template20250530140710261000000002",
                "version": "$Latest"
              }
            ],
            "load_balancers": null,
            "max_instance_lifetime": 0,
            "max_size": 2,
            "metrics_granularity": "1Minute",
            "min_elb_capacity": null,
            "min_size": 1,
            "mixed_instances_policy": [],
            "name": "arm_autoscaling_group20250530140718310400000006",
            "name_prefix": "arm_autoscaling_group",
            "placement_group": "",
            "predicted_capacity": 0,
            "protect_from_scale_in": false,
            "service_linked_role_arn": "arn:aws:iam::902308669087:role/aws-service-role/autoscaling.amazonaws.com/AWSServiceRoleForAutoScaling",
            "suspended_processes": null,
            "tag": [
              {
                "key": "Name",
                "propagate_at_launch": true,
                "value": "PublicServer"
              }
            ],
            "tags": null,
            "target_group_arns": null,
            "termination_policies": null,
            "timeouts": null,
            "vpc_zone_identifier": [
              "subnet-0db06699b2410d6f9"
            ],
            "wait_for_capacity_timeout": "2m",
            "wait_for_elb_capacity": null,
            "warm_pool": [],
            "warm_pool_size": 0
          },
          "sensitive_attributes": [],
          "private": "eyJlMmJmYjczMC1lY2FhLTExZTYtOGY4OC0zNDM2M2JjN2M0YzAiOnsiZGVsZXRlIjo2MDAwMDAwMDAwMDAsInVwZGF0ZSI6NjAwMDAwMDAwMDAwfX0=",
          "dependencies": [
            "aws_ecs_cluster.arm_ecs_cluster",
            "aws_key_pair.arm_ec2_access_key",
            "aws_kms_key.ebs_encryption_key",
            "aws_launch_template.arm_launch_template",
            "aws_security_group.arm_security_group",
            "aws_subnet.arm_subnet_public",
            "aws_vpc.arm_vpc",
            "data.aws_ami.ecs_optimized_amazon_linux_ami",
            "data.aws_caller_identity.current",
            "data.aws_iam_instance_profile.lab_instance_profile",
            "data.aws_iam_policy_document.ebs_encryption_kms_key_policy"
          ]
        }
      ]
    },
    {
      "mode": "managed",
      "type": "aws_ecs_cluster",
      "name": "arm_ecs_cluster",
      "provider": "provider[\"registry.terraform.io/hashicorp/aws\"]",
      "instances": [
        {
          "schema_version": 0,
          "attributes": {
            "arn": "arn:aws:ecs:us-east-1:902308669087:cluster/arm_ecs_cluster",
            "capacity_providers": [],
            "configuration": [],
            "default_capacity_provider_strategy": [],
            "id": "arn:aws:ecs:us-east-1:902308669087:cluster/arm_ecs_cluster",
            "name": "arm_ecs_cluster",
            "service_connect_defaults": [],
            "setting": [
              {
                "name": "containerInsights",
                "value": "disabled"
              }
            ],
            "tags": null,
            "tags_all": {
              "Project": "ARMProjekt"
            }
          },
          "sensitive_attributes": [],
          "private": "bnVsbA==",
          "create_before_destroy": true
        }
      ]
    },
    {
      "mode": "managed",
      "type": "aws_ecs_service",
      "name": "database_service",
      "provider": "provider[\"registry.terraform.io/hashicorp/aws\"]",
      "instances": [
        {
          "schema_version": 0,
          "attributes": {
            "alarms": [],
            "capacity_provider_strategy": [],
            "cluster": "arn:aws:ecs:us-east-1:902308669087:cluster/arm_ecs_cluster",
            "deployment_circuit_breaker": [
              {
                "enable": false,
                "rollback": false
              }
            ],
            "deployment_controller": [
              {
                "type": "ECS"
              }
            ],
            "deployment_maximum_percent": 100,
            "deployment_minimum_healthy_percent": 0,
            "desired_count": 1,
            "enable_ecs_managed_tags": false,
            "enable_execute_command": false,
            "force_new_deployment": null,
            "health_check_grace_period_seconds": 0,
            "iam_role": null,
            "id": "arn:aws:ecs:us-east-1:902308669087:service/arm_ecs_cluster/database-service",
            "launch_type": "EC2",
            "load_balancer": [],
            "name": "database-service",
            "network_configuration": [],
            "ordered_placement_strategy": [],
            "placement_constraints": [],
            "platform_version": "",
            "propagate_tags": "NONE",
            "scheduling_strategy": "REPLICA",
            "service_connect_configuration": [],
            "service_registries": [],
            "tags": null,
            "tags_all": {
              "Project": "ARMProjekt"
            },
            "task_definition": "arn:aws:ecs:us-east-1:902308669087:task-definition/database-task:28",
            "timeouts": null,
            "triggers": {},
            "wait_for_steady_state": false
          },
          "sensitive_attributes": [],
          "private": "eyJlMmJmYjczMC1lY2FhLTExZTYtOGY4OC0zNDM2M2JjN2M0YzAiOnsiY3JlYXRlIjoxMjAwMDAwMDAwMDAwLCJkZWxldGUiOjEyMDAwMDAwMDAwMDAsInVwZGF0ZSI6MTIwMDAwMDAwMDAwMH19",
          "dependencies": [
            "aws_ecs_cluster.arm_ecs_cluster",
            "aws_ecs_task_definition.database_task",
            "aws_subnet.arm_subnet_private",
            "aws_vpc.arm_vpc",
            "data.aws_iam_role.lab_role"
          ]
        }
      ]
    },
    {
      "mode": "managed",
      "type": "aws_ecs_service",
      "name": "frontend_service",
      "provider": "provider[\"registry.terraform.io/hashicorp/aws\"]",
      "instances": [
        {
          "schema_version": 0,
          "attributes": {
            "alarms": [],
            "capacity_provider_strategy": [],
            "cluster": "arn:aws:ecs:us-east-1:902308669087:cluster/arm_ecs_cluster",
            "deployment_circuit_breaker": [
              {
                "enable": false,
                "rollback": false
              }
            ],
            "deployment_controller": [
              {
                "type": "ECS"
              }
            ],
            "deployment_maximum_percent": 100,
            "deployment_minimum_healthy_percent": 0,
            "desired_count": 1,
            "enable_ecs_managed_tags": false,
            "enable_execute_command": false,
            "force_new_deployment": null,
            "health_check_grace_period_seconds": 0,
            "iam_role": null,
            "id": "arn:aws:ecs:us-east-1:902308669087:service/arm_ecs_cluster/frontend-service",
            "launch_type": "EC2",
            "load_balancer": [],
            "name": "frontend-service",
            "network_configuration": [],
            "ordered_placement_strategy": [],
            "placement_constraints": [],
            "platform_version": "",
            "propagate_tags": "NONE",
            "scheduling_strategy": "REPLICA",
            "service_connect_configuration": [],
            "service_registries": [],
            "tags": null,
            "tags_all": {
              "Project": "ARMProjekt"
            },
            "task_definition": "arn:aws:ecs:us-east-1:902308669087:task-definition/frontend-task:28",
            "timeouts": null,
            "triggers": {},
            "wait_for_steady_state": false
          },
          "sensitive_attributes": [],
          "private": "eyJlMmJmYjczMC1lY2FhLTExZTYtOGY4OC0zNDM2M2JjN2M0YzAiOnsiY3JlYXRlIjoxMjAwMDAwMDAwMDAwLCJkZWxldGUiOjEyMDAwMDAwMDAwMDAsInVwZGF0ZSI6MTIwMDAwMDAwMDAwMH19",
          "dependencies": [
            "aws_ecs_cluster.arm_ecs_cluster",
            "aws_ecs_task_definition.frontend_task",
            "aws_instance.arm_server_private",
            "aws_kms_key.ebs_encryption_key",
            "aws_security_group.arm_security_group",
            "aws_subnet.arm_subnet_private",
            "aws_subnet.arm_subnet_public",
            "aws_vpc.arm_vpc",
            "data.aws_ami.ecs_optimized_amazon_linux_ami",
            "data.aws_caller_identity.current",
            "data.aws_iam_instance_profile.lab_instance_profile",
            "data.aws_iam_policy_document.ebs_encryption_kms_key_policy",
            "data.aws_iam_role.lab_role"
          ]
        }
      ]
    },
    {
      "mode": "managed",
      "type": "aws_ecs_task_definition",
      "name": "database_task",
      "provider": "provider[\"registry.terraform.io/hashicorp/aws\"]",
      "instances": [
        {
          "schema_version": 1,
          "attributes": {
            "arn": "arn:aws:ecs:us-east-1:902308669087:task-definition/database-task:28",
            "arn_without_revision": "arn:aws:ecs:us-east-1:902308669087:task-definition/database-task",
            "container_definitions": "[{\"command\":[],\"cpu\":256,\"entryPoint\":[],\"environment\":[{\"name\":\"MYSQL_DATABASE\",\"value\":\"wt24\"},{\"name\":\"MYSQL_ROOT_PASSWORD\",\"value\":\"root\"}],\"essential\":true,\"healthCheck\":{\"command\":[\"mysqladmin ping -h localhost\"],\"interval\":30,\"retries\":10,\"timeout\":20},\"image\":\"mysql\",\"memory\":512,\"mountPoints\":[],\"name\":\"database\",\"portMappings\":[{\"containerPort\":3306,\"hostPort\":3306,\"protocol\":\"tcp\"}],\"systemControls\":[],\"volumesFrom\":[]}]",
            "cpu": "",
            "ephemeral_storage": [],
            "execution_role_arn": "arn:aws:iam::902308669087:role/LabRole",
            "family": "database-task",
            "id": "database-task",
            "inference_accelerator": [],
            "ipc_mode": "",
            "memory": "",
            "network_mode": "",
            "pid_mode": "",
            "placement_constraints": [
              {
                "expression": "attribute:ecs.subnet-id in [subnet-0a5ad2ae5810229f3]",
                "type": "memberOf"
              }
            ],
            "proxy_configuration": [],
            "requires_compatibilities": [
              "EC2"
            ],
            "revision": 28,
            "runtime_platform": [],
            "skip_destroy": false,
            "tags": null,
            "tags_all": {
              "Project": "ARMProjekt"
            },
            "task_role_arn": "arn:aws:iam::902308669087:role/LabRole",
            "volume": []
          },
          "sensitive_attributes": [],
          "private": "eyJzY2hlbWFfdmVyc2lvbiI6IjEifQ==",
          "dependencies": [
            "aws_subnet.arm_subnet_private",
            "aws_vpc.arm_vpc",
            "data.aws_iam_role.lab_role"
          ]
        }
      ]
    },
    {
      "mode": "managed",
      "type": "aws_ecs_task_definition",
      "name": "frontend_task",
      "provider": "provider[\"registry.terraform.io/hashicorp/aws\"]",
      "instances": [
        {
          "schema_version": 1,
          "attributes": {
            "arn": "arn:aws:ecs:us-east-1:902308669087:task-definition/frontend-task:28",
            "arn_without_revision": "arn:aws:ecs:us-east-1:902308669087:task-definition/frontend-task",
            "container_definitions": "[{\"command\":[],\"cpu\":256,\"entryPoint\":[],\"environment\":[{\"name\":\"MYSQL_DB\",\"value\":\"ip-10-19-1-229.ec2.internal\"}],\"essential\":true,\"image\":\"denga174/arm-node\",\"memory\":512,\"mountPoints\":[],\"name\":\"frontend-task\",\"portMappings\":[{\"containerPort\":3000,\"hostPort\":3000,\"protocol\":\"tcp\"}],\"systemControls\":[],\"volumesFrom\":[]}]",
            "cpu": "",
            "ephemeral_storage": [],
            "execution_role_arn": "arn:aws:iam::902308669087:role/LabRole",
            "family": "frontend-task",
            "id": "frontend-task",
            "inference_accelerator": [],
            "ipc_mode": "",
            "memory": "",
            "network_mode": "",
            "pid_mode": "",
            "placement_constraints": [
              {
                "expression": "attribute:ecs.subnet-id in [subnet-0db06699b2410d6f9]",
                "type": "memberOf"
              }
            ],
            "proxy_configuration": [],
            "requires_compatibilities": [
              "EC2"
            ],
            "revision": 28,
            "runtime_platform": [],
            "skip_destroy": false,
            "tags": null,
            "tags_all": {
              "Project": "ARMProjekt"
            },
            "task_role_arn": "arn:aws:iam::902308669087:role/LabRole",
            "volume": []
          },
          "sensitive_attributes": [],
          "private": "eyJzY2hlbWFfdmVyc2lvbiI6IjEifQ==",
          "dependencies": [
            "aws_ecs_cluster.arm_ecs_cluster",
            "aws_instance.arm_server_private",
            "aws_kms_key.ebs_encryption_key",
            "aws_security_group.arm_security_group",
            "aws_subnet.arm_subnet_private",
            "aws_subnet.arm_subnet_public",
            "aws_vpc.arm_vpc",
            "data.aws_ami.ecs_optimized_amazon_linux_ami",
            "data.aws_caller_identity.current",
            "data.aws_iam_instance_profile.lab_instance_profile",
            "data.aws_iam_policy_document.ebs_encryption_kms_key_policy",
            "data.aws_iam_role.lab_role"
          ]
        }
      ]
    },
    {
      "mode": "managed",
      "type": "aws_eip",
      "name": "arm_eip",
      "provider": "provider[\"registry.terraform.io/hashicorp/aws\"]",
      "instances": [
        {
          "schema_version": 0,
          "attributes": {
            "address": null,
            "allocation_id": "eipalloc-03ab968b779a6aa1d",
            "associate_with_private_ip": null,
            "association_id": "",
            "carrier_ip": "",
            "customer_owned_ip": "",
            "customer_owned_ipv4_pool": "",
            "domain": "vpc",
            "id": "eipalloc-03ab968b779a6aa1d",
            "instance": "",
            "network_border_group": "us-east-1",
            "network_interface": "",
            "private_dns": null,
            "private_ip": "",
            "public_dns": "ec2-3-232-165-78.compute-1.amazonaws.com",
            "public_ip": "3.232.165.78",
            "public_ipv4_pool": "amazon",
            "tags": null,
            "tags_all": {
              "Project": "ARMProjekt"
            },
            "timeouts": null,
            "vpc": true
          },
          "sensitive_attributes": [],
          "private": "eyJlMmJmYjczMC1lY2FhLTExZTYtOGY4OC0zNDM2M2JjN2M0YzAiOnsiZGVsZXRlIjoxODAwMDAwMDAwMDAsInJlYWQiOjkwMDAwMDAwMDAwMCwidXBkYXRlIjozMDAwMDAwMDAwMDB9fQ=="
        }
      ]
    },
    {
      "mode": "managed",
      "type": "aws_instance",
      "name": "arm_server_private",
      "provider": "provider[\"registry.terraform.io/hashicorp/aws\"]",
      "instances": [
        {
          "schema_version": 1,
          "attributes": {
            "ami": "ami-0a7d80731ae1b2435",
            "arn": "arn:aws:ec2:us-east-1:902308669087:instance/i-054fa7b1313cc2563",
            "associate_public_ip_address": false,
            "availability_zone": "us-east-1f",
            "capacity_reservation_specification": [
              {
                "capacity_reservation_preference": "open",
                "capacity_reservation_target": []
              }
            ],
            "cpu_core_count": 1,
            "cpu_options": [
              {
                "amd_sev_snp": "",
                "core_count": 1,
                "threads_per_core": 1
              }
            ],
            "cpu_threads_per_core": 1,
            "credit_specification": [
              {
                "cpu_credits": "standard"
              }
            ],
            "disable_api_stop": false,
            "disable_api_termination": false,
            "ebs_block_device": [],
            "ebs_optimized": false,
            "enclave_options": [
              {
                "enabled": false
              }
            ],
            "ephemeral_block_device": [],
            "get_password_data": false,
            "hibernation": false,
            "host_id": "",
            "host_resource_group_arn": null,
            "iam_instance_profile": "LabInstanceProfile",
            "id": "i-054fa7b1313cc2563",
            "instance_initiated_shutdown_behavior": "stop",
            "instance_state": "running",
            "instance_type": "t2.micro",
            "ipv6_address_count": 0,
            "ipv6_addresses": [],
            "key_name": "",
            "launch_template": [],
            "maintenance_options": [
              {
                "auto_recovery": "default"
              }
            ],
            "metadata_options": [
              {
                "http_endpoint": "enabled",
                "http_put_response_hop_limit": 1,
                "http_tokens": "optional",
                "instance_metadata_tags": "disabled"
              }
            ],
            "monitoring": false,
            "network_interface": [],
            "outpost_arn": "",
            "password_data": "",
            "placement_group": "",
            "placement_partition_number": 0,
            "primary_network_interface_id": "eni-0de120eed92b77408",
            "private_dns": "ip-10-19-1-229.ec2.internal",
            "private_dns_name_options": [
              {
                "enable_resource_name_dns_a_record": false,
                "enable_resource_name_dns_aaaa_record": false,
                "hostname_type": "ip-name"
              }
            ],
            "private_ip": "10.19.1.229",
            "public_dns": "",
            "public_ip": "",
            "root_block_device": [
              {
                "delete_on_termination": true,
                "device_name": "/dev/sda1",
                "encrypted": true,
                "iops": 100,
                "kms_key_id": "arn:aws:kms:us-east-1:902308669087:key/8dd7b5ce-a0e0-443b-9776-3f9218210e0a",
                "tags": null,
                "throughput": 0,
                "volume_id": "vol-04f8e92c53cd60d8f",
                "volume_size": 8,
                "volume_type": "gp2"
              }
            ],
            "secondary_private_ips": [],
            "security_groups": [],
            "source_dest_check": true,
            "subnet_id": "subnet-0a5ad2ae5810229f3",
            "tags": {
              "Name": "PrivateServer"
            },
            "tags_all": {
              "Name": "PrivateServer",
              "Project": "ARMProjekt"
            },
            "tenancy": "default",
            "timeouts": null,
            "user_data": null,
            "user_data_base64": "IyEvYmluL2Jhc2gNCg0KZWNobyAiQ29uZmlndXJpbmcgRUNTIGFnZW50Ig0KY2F0IDw8J0VPRicgfCBzdWRvIHRlZSAvZXRjL2Vjcy9lY3MuY29uZmlnDQpFQ1NfQ0xVU1RFUj1hcm1fZWNzX2NsdXN0ZXINCkVDU19DT05UQUlORVJfSU5TVEFOQ0VfUFJPUEFHQVRFX1RBR1NfRlJPTT1lYzJfaW5zdGFuY2UNCkVPRg0KYXB0LWdldCB1cGRhdGUgLXkNCmFwdC1nZXQgaW5zdGFsbCAteSBkb2NrZXIuaW8NCg0Kc3lzdGVtY3RsIGVuYWJsZSAtLW5vdyBkb2NrZXINCg0KIyBQcmV1emltYW5qZSBpIHBva3JldGFuamUgRUNTIGFnZW50YQ0KZG9ja2VyIHJ1biAtLW5hbWUgZWNzLWFnZW50IFwNCiAgLS1kZXRhY2g9dHJ1ZSBcDQogIC0tcmVzdGFydD1hbHdheXMgXA0KICAtLXZvbHVtZT0vdmFyL3J1bi9kb2NrZXIuc29jazovdmFyL3J1bi9kb2NrZXIuc29jayBcDQogIC0tdm9sdW1lPS92YXIvbG9nL2Vjcy86L2xvZyBcDQogIC0tdm9sdW1lPS92YXIvbGliL2Vjcy9kYXRhOi9kYXRhIFwNCiAgLS1uZXQ9aG9zdCBcDQogIC0tZW52PUVDU19DTFVTVEVSPWFybV9lY3NfY2x1c3RlclwNCiAgLS1lbnY9RUNTX0xPR0ZJTEU9L2xvZy9lY3MtYWdlbnQubG9nIFwNCiAgLS1lbnY9RUNTX0RBVEFESVI9L2RhdGEgXA0KICBhbWF6b24vYW1hem9uLWVjcy1hZ2VudDpsYXRlc3QNCg0KYXB0IGluc3RhbGwgLXkgYXBhY2hlMg0KDQphMmVubW9kIHByb3h5IHByb3h5X2h0dHAgcmV3cml0ZQ0KY2F0IDw8RU9UID4gL2V0Yy9hcGFjaGUyL3NpdGVzLWF2YWlsYWJsZS93d3cuY29uZg0KPFZpcnR1YWxIb3N0ICo6ODA+DQogIFJld3JpdGVFbmdpbmUgT24NCiAgUmV3cml0ZVJ1bGUgXi8kIGh0dHA6Ly9sb2NhbGhvc3Q6MzAwMC9uZWtyZXRuaW5lLmh0bWwgW1AsTF0NCiAgUHJveHlQYXNzIC8gaHR0cDovL2xvY2FsaG9zdDozMDAwLw0KICBQcm94eVBhc3NSZXZlcnNlIC8gaHR0cDovL2xvY2FsaG9zdDozMDAwLw0KICBFcnJvckxvZyAvdmFyL2xvZy9hcGFjaGUyL2Vycm9yLmxvZw0KICBDdXN0b21Mb2cgL3Zhci9sb2cvYXBhY2hlMi9hY2Nlc3MubG9nIGNvbWJpbmVkDQogIFByb3h5UHJlc2VydmVIb3N0IE9uDQo8L1ZpcnR1YWxIb3N0Pg0KRU9UDQphMmVuc2l0ZSB3d3cuY29uZg0KYTJkaXNzaXRlIDAwMC1kZWZhdWx0LmNvbmYNCnN5c3RlbWN0bCByZWxvYWQgYXBhY2hlMg0Kc3lzdGVtY3RsIGVuYWJsZSBhcGFjaGUyDQo=",
            "user_data_replace_on_change": false,
            "volume_tags": null,
            "vpc_security_group_ids": [
              "sg-029f80b98216396e1"
            ]
          },
          "sensitive_attributes": [],
          "private": "eyJlMmJmYjczMC1lY2FhLTExZTYtOGY4OC0zNDM2M2JjN2M0YzAiOnsiY3JlYXRlIjo2MDAwMDAwMDAwMDAsImRlbGV0ZSI6MTIwMDAwMDAwMDAwMCwidXBkYXRlIjo2MDAwMDAwMDAwMDB9LCJzY2hlbWFfdmVyc2lvbiI6IjEifQ==",
          "dependencies": [
            "aws_ecs_cluster.arm_ecs_cluster",
            "aws_kms_key.ebs_encryption_key",
            "aws_security_group.arm_security_group",
            "aws_subnet.arm_subnet_private",
            "aws_vpc.arm_vpc",
            "data.aws_ami.ecs_optimized_amazon_linux_ami",
            "data.aws_caller_identity.current",
            "data.aws_iam_instance_profile.lab_instance_profile",
            "data.aws_iam_policy_document.ebs_encryption_kms_key_policy"
          ]
        }
      ]
    },
    {
      "mode": "managed",
      "type": "aws_internet_gateway",
      "name": "arm_igw",
      "provider": "provider[\"registry.terraform.io/hashicorp/aws\"]",
      "instances": [
        {
          "schema_version": 0,
          "attributes": {
            "arn": "arn:aws:ec2:us-east-1:902308669087:internet-gateway/igw-09a279ded57c6bd95",
            "id": "igw-09a279ded57c6bd95",
            "owner_id": "902308669087",
            "tags": null,
            "tags_all": {
              "Project": "ARMProjekt"
            },
            "timeouts": null,
            "vpc_id": "vpc-0d8c6c83948652f6d"
          },
          "sensitive_attributes": [],
          "private": "eyJlMmJmYjczMC1lY2FhLTExZTYtOGY4OC0zNDM2M2JjN2M0YzAiOnsiY3JlYXRlIjoxMjAwMDAwMDAwMDAwLCJkZWxldGUiOjEyMDAwMDAwMDAwMDAsInVwZGF0ZSI6MTIwMDAwMDAwMDAwMH19",
          "dependencies": [
            "aws_vpc.arm_vpc"
          ]
        }
      ]
    },
    {
      "mode": "managed",
      "type": "aws_key_pair",
      "name": "arm_ec2_access_key",
      "provider": "provider[\"registry.terraform.io/hashicorp/aws\"]",
      "instances": [
        {
          "schema_version": 1,
          "attributes": {
            "arn": "arn:aws:ec2:us-east-1:902308669087:key-pair/ec2_key",
            "fingerprint": "uzt1xzs4yGRalkbrrfShGBm+HntfAppgrQS/pyMzpe8=",
            "id": "ec2_key",
            "key_name": "ec2_key",
            "key_name_prefix": "",
            "key_pair_id": "key-03a9d6c72c3585dbc",
            "key_type": "ed25519",
            "public_key": "ssh-ed25519 AAAAC3NzaC1lZDI1NTE5AAAAIG+36qjp2/AxQoyannO/fez5LxH3EF9/xe0ltX03GqMJ pc@DESKTOP-060PSOH",
            "tags": null,
            "tags_all": {
              "Project": "ARMProjekt"
            }
          },
          "sensitive_attributes": [],
          "private": "eyJzY2hlbWFfdmVyc2lvbiI6IjEifQ==",
          "create_before_destroy": true
        }
      ]
    },
    {
      "mode": "managed",
      "type": "aws_kms_key",
      "name": "ebs_encryption_key",
      "provider": "provider[\"registry.terraform.io/hashicorp/aws\"]",
      "instances": [
        {
          "schema_version": 0,
          "attributes": {
            "arn": "arn:aws:kms:us-east-1:902308669087:key/8dd7b5ce-a0e0-443b-9776-3f9218210e0a",
            "bypass_policy_lockout_safety_check": false,
            "custom_key_store_id": "",
            "customer_master_key_spec": "SYMMETRIC_DEFAULT",
            "deletion_window_in_days": null,
            "description": "Encryption Key for EBS volumes",
            "enable_key_rotation": false,
            "id": "8dd7b5ce-a0e0-443b-9776-3f9218210e0a",
            "is_enabled": true,
            "key_id": "8dd7b5ce-a0e0-443b-9776-3f9218210e0a",
            "key_usage": "ENCRYPT_DECRYPT",
            "multi_region": false,
            "policy": "{\"Statement\":[{\"Action\":\"kms:*\",\"Effect\":\"Allow\",\"Principal\":{\"AWS\":\"arn:aws:sts::902308669087:assumed-role/voclabs/user4075417=dpoturak1@etf.unsa.ba\"},\"Resource\":\"*\",\"Sid\":\"Allow all to root and terraform user\"},{\"Action\":[\"kms:ReEncrypt*\",\"kms:GenerateDataKey*\",\"kms:Encrypt\",\"kms:DescribeKey\",\"kms:Decrypt\"],\"Effect\":\"Allow\",\"Principal\":{\"AWS\":[\"arn:aws:sts::902308669087:assumed-role/voclabs/user4075417=dpoturak1@etf.unsa.ba\",\"arn:aws:iam::902308669087:role/aws-service-role/autoscaling.amazonaws.com/AWSServiceRoleForAutoScaling\"]},\"Resource\":\"*\",\"Sid\":\"Allow service-linked role use of the customer managed key\"},{\"Action\":\"kms:CreateGrant\",\"Condition\":{\"Bool\":{\"kms:GrantIsForAWSResource\":\"true\"}},\"Effect\":\"Allow\",\"Principal\":{\"AWS\":[\"arn:aws:sts::902308669087:assumed-role/voclabs/user4075417=dpoturak1@etf.unsa.ba\",\"arn:aws:iam::902308669087:role/aws-service-role/autoscaling.amazonaws.com/AWSServiceRoleForAutoScaling\"]},\"Resource\":\"*\",\"Sid\":\"Allow attachment of persistent resources\"}],\"Version\":\"2012-10-17\"}",
            "tags": {
              "Name": "kms_key"
            },
            "tags_all": {
              "Name": "kms_key",
              "Project": "ARMProjekt"
            }
          },
          "sensitive_attributes": [],
          "private": "bnVsbA==",
          "dependencies": [
            "data.aws_caller_identity.current",
            "data.aws_iam_policy_document.ebs_encryption_kms_key_policy"
          ],
          "create_before_destroy": true
        }
      ]
    },
    {
      "mode": "managed",
      "type": "aws_launch_template",
      "name": "arm_launch_template",
      "provider": "provider[\"registry.terraform.io/hashicorp/aws\"]",
      "instances": [
        {
          "schema_version": 0,
          "attributes": {
            "arn": "arn:aws:ec2:us-east-1:902308669087:launch-template/lt-0ece7d4bf0fcc2e21",
            "block_device_mappings": [
              {
                "device_name": "/dev/xvda",
                "ebs": [
                  {
                    "delete_on_termination": "true",
                    "encrypted": "true",
                    "iops": 0,
                    "kms_key_id": "arn:aws:kms:us-east-1:902308669087:key/8dd7b5ce-a0e0-443b-9776-3f9218210e0a",
                    "snapshot_id": "",
                    "throughput": 0,
                    "volume_size": 30,
                    "volume_type": ""
                  }
                ],
                "no_device": "",
                "virtual_name": ""
              }
            ],
            "capacity_reservation_specification": [],
            "cpu_options": [],
            "credit_specification": [],
            "default_version": 1,
            "description": "",
            "disable_api_stop": false,
            "disable_api_termination": false,
            "ebs_optimized": "",
            "elastic_gpu_specifications": [],
            "elastic_inference_accelerator": [],
            "enclave_options": [],
            "hibernation_options": [],
            "iam_instance_profile": [
              {
                "arn": "",
                "name": "LabInstanceProfile"
              }
            ],
            "id": "lt-0ece7d4bf0fcc2e21",
            "image_id": "ami-0a7d80731ae1b2435",
            "instance_initiated_shutdown_behavior": "",
            "instance_market_options": [],
            "instance_requirements": [],
            "instance_type": "t2.micro",
            "kernel_id": "",
            "key_name": "ec2_key",
            "latest_version": 1,
            "license_specification": [],
            "maintenance_options": [],
            "metadata_options": [],
            "monitoring": [],
            "name": "arm_launch_template20250530140710261000000002",
            "name_prefix": "arm_launch_template",
            "network_interfaces": [],
            "placement": [],
            "private_dns_name_options": [],
            "ram_disk_id": "",
            "security_group_names": null,
            "tag_specifications": [],
            "tags": {
              "Name": "PublicServer"
            },
            "tags_all": {
              "Name": "PublicServer",
              "Project": "ARMProjekt"
            },
            "update_default_version": true,
            "user_data": "IyEvYmluL2Jhc2gNCg0KZWNobyAiQ29uZmlndXJpbmcgRUNTIGFnZW50Ig0KY2F0IDw8J0VPRicgfCBzdWRvIHRlZSAvZXRjL2Vjcy9lY3MuY29uZmlnDQpFQ1NfQ0xVU1RFUj1hcm1fZWNzX2NsdXN0ZXINCkVDU19DT05UQUlORVJfSU5TVEFOQ0VfUFJPUEFHQVRFX1RBR1NfRlJPTT1lYzJfaW5zdGFuY2UNCkVPRg0KYXB0LWdldCB1cGRhdGUgLXkNCmFwdC1nZXQgaW5zdGFsbCAteSBkb2NrZXIuaW8NCg0Kc3lzdGVtY3RsIGVuYWJsZSAtLW5vdyBkb2NrZXINCg0KIyBQcmV1emltYW5qZSBpIHBva3JldGFuamUgRUNTIGFnZW50YQ0KZG9ja2VyIHJ1biAtLW5hbWUgZWNzLWFnZW50IFwNCiAgLS1kZXRhY2g9dHJ1ZSBcDQogIC0tcmVzdGFydD1hbHdheXMgXA0KICAtLXZvbHVtZT0vdmFyL3J1bi9kb2NrZXIuc29jazovdmFyL3J1bi9kb2NrZXIuc29jayBcDQogIC0tdm9sdW1lPS92YXIvbG9nL2Vjcy86L2xvZyBcDQogIC0tdm9sdW1lPS92YXIvbGliL2Vjcy9kYXRhOi9kYXRhIFwNCiAgLS1uZXQ9aG9zdCBcDQogIC0tZW52PUVDU19DTFVTVEVSPWFybV9lY3NfY2x1c3RlclwNCiAgLS1lbnY9RUNTX0xPR0ZJTEU9L2xvZy9lY3MtYWdlbnQubG9nIFwNCiAgLS1lbnY9RUNTX0RBVEFESVI9L2RhdGEgXA0KICBhbWF6b24vYW1hem9uLWVjcy1hZ2VudDpsYXRlc3QNCg0KYXB0IGluc3RhbGwgLXkgYXBhY2hlMg0KDQphMmVubW9kIHByb3h5IHByb3h5X2h0dHAgcmV3cml0ZQ0KY2F0IDw8RU9UID4gL2V0Yy9hcGFjaGUyL3NpdGVzLWF2YWlsYWJsZS93d3cuY29uZg0KPFZpcnR1YWxIb3N0ICo6ODA+DQogIFJld3JpdGVFbmdpbmUgT24NCiAgUmV3cml0ZVJ1bGUgXi8kIGh0dHA6Ly9sb2NhbGhvc3Q6MzAwMC9uZWtyZXRuaW5lLmh0bWwgW1AsTF0NCiAgUHJveHlQYXNzIC8gaHR0cDovL2xvY2FsaG9zdDozMDAwLw0KICBQcm94eVBhc3NSZXZlcnNlIC8gaHR0cDovL2xvY2FsaG9zdDozMDAwLw0KICBFcnJvckxvZyAvdmFyL2xvZy9hcGFjaGUyL2Vycm9yLmxvZw0KICBDdXN0b21Mb2cgL3Zhci9sb2cvYXBhY2hlMi9hY2Nlc3MubG9nIGNvbWJpbmVkDQogIFByb3h5UHJlc2VydmVIb3N0IE9uDQo8L1ZpcnR1YWxIb3N0Pg0KRU9UDQphMmVuc2l0ZSB3d3cuY29uZg0KYTJkaXNzaXRlIDAwMC1kZWZhdWx0LmNvbmYNCnN5c3RlbWN0bCByZWxvYWQgYXBhY2hlMg0Kc3lzdGVtY3RsIGVuYWJsZSBhcGFjaGUyDQo=",
            "vpc_security_group_ids": [
              "sg-029f80b98216396e1"
            ]
          },
          "sensitive_attributes": [],
          "private": "bnVsbA==",
          "dependencies": [
            "aws_ecs_cluster.arm_ecs_cluster",
            "aws_key_pair.arm_ec2_access_key",
            "aws_kms_key.ebs_encryption_key",
            "aws_security_group.arm_security_group",
            "aws_vpc.arm_vpc",
            "data.aws_ami.ecs_optimized_amazon_linux_ami",
            "data.aws_caller_identity.current",
            "data.aws_iam_instance_profile.lab_instance_profile",
            "data.aws_iam_policy_document.ebs_encryption_kms_key_policy"
          ],
          "create_before_destroy": true
        }
      ]
    },
    {
      "mode": "managed",
      "type": "aws_nat_gateway",
      "name": "arm_nat_gateway",
      "provider": "provider[\"registry.terraform.io/hashicorp/aws\"]",
      "instances": [
        {
          "schema_version": 0,
          "attributes": {
            "allocation_id": "eipalloc-03ab968b779a6aa1d",
            "association_id": "eipassoc-0fcf62627a2a42404",
            "connectivity_type": "public",
            "id": "nat-0e6239aa32c3331d1",
            "network_interface_id": "eni-0e532b8792aaa104b",
            "private_ip": "10.19.2.145",
            "public_ip": "3.232.165.78",
            "subnet_id": "subnet-0db06699b2410d6f9",
            "tags": null,
            "tags_all": {
              "Project": "ARMProjekt"
            }
          },
          "sensitive_attributes": [],
          "private": "bnVsbA==",
          "dependencies": [
            "aws_eip.arm_eip",
            "aws_internet_gateway.arm_igw",
            "aws_subnet.arm_subnet_public",
            "aws_vpc.arm_vpc"
          ]
        }
      ]
    },
    {
      "mode": "managed",
      "type": "aws_route_table",
      "name": "arm_private_rt",
      "provider": "provider[\"registry.terraform.io/hashicorp/aws\"]",
      "instances": [
        {
          "schema_version": 0,
          "attributes": {
            "arn": "arn:aws:ec2:us-east-1:902308669087:route-table/rtb-01e9c96e0146d58fa",
            "id": "rtb-01e9c96e0146d58fa",
            "owner_id": "902308669087",
            "propagating_vgws": [],
            "route": [
              {
                "carrier_gateway_id": "",
                "cidr_block": "0.0.0.0/0",
                "core_network_arn": "",
                "destination_prefix_list_id": "",
                "egress_only_gateway_id": "",
                "gateway_id": "",
                "instance_id": "",
                "ipv6_cidr_block": "",
                "local_gateway_id": "",
                "nat_gateway_id": "nat-0e6239aa32c3331d1",
                "network_interface_id": "",
                "transit_gateway_id": "",
                "vpc_endpoint_id": "",
                "vpc_peering_connection_id": ""
              }
            ],
            "tags": null,
            "tags_all": {
              "Project": "ARMProjekt"
            },
            "timeouts": null,
            "vpc_id": "vpc-0d8c6c83948652f6d"
          },
          "sensitive_attributes": [],
          "private": "eyJlMmJmYjczMC1lY2FhLTExZTYtOGY4OC0zNDM2M2JjN2M0YzAiOnsiY3JlYXRlIjozMDAwMDAwMDAwMDAsImRlbGV0ZSI6MzAwMDAwMDAwMDAwLCJ1cGRhdGUiOjEyMDAwMDAwMDAwMH19",
          "dependencies": [
            "aws_eip.arm_eip",
            "aws_internet_gateway.arm_igw",
            "aws_nat_gateway.arm_nat_gateway",
            "aws_subnet.arm_subnet_public",
            "aws_vpc.arm_vpc"
          ]
        }
      ]
    },
    {
      "mode": "managed",
      "type": "aws_route_table",
      "name": "arm_public_rt",
      "provider": "provider[\"registry.terraform.io/hashicorp/aws\"]",
      "instances": [
        {
          "schema_version": 0,
          "attributes": {
            "arn": "arn:aws:ec2:us-east-1:902308669087:route-table/rtb-0152631297fde4e72",
            "id": "rtb-0152631297fde4e72",
            "owner_id": "902308669087",
            "propagating_vgws": [],
            "route": [
              {
                "carrier_gateway_id": "",
                "cidr_block": "0.0.0.0/0",
                "core_network_arn": "",
                "destination_prefix_list_id": "",
                "egress_only_gateway_id": "",
                "gateway_id": "igw-09a279ded57c6bd95",
                "instance_id": "",
                "ipv6_cidr_block": "",
                "local_gateway_id": "",
                "nat_gateway_id": "",
                "network_interface_id": "",
                "transit_gateway_id": "",
                "vpc_endpoint_id": "",
                "vpc_peering_connection_id": ""
              }
            ],
            "tags": null,
            "tags_all": {
              "Project": "ARMProjekt"
            },
            "timeouts": null,
            "vpc_id": "vpc-0d8c6c83948652f6d"
          },
          "sensitive_attributes": [],
          "private": "eyJlMmJmYjczMC1lY2FhLTExZTYtOGY4OC0zNDM2M2JjN2M0YzAiOnsiY3JlYXRlIjozMDAwMDAwMDAwMDAsImRlbGV0ZSI6MzAwMDAwMDAwMDAwLCJ1cGRhdGUiOjEyMDAwMDAwMDAwMH19",
          "dependencies": [
            "aws_internet_gateway.arm_igw",
            "aws_vpc.arm_vpc"
          ]
        }
      ]
    },
    {
      "mode": "managed",
      "type": "aws_route_table_association",
      "name": "arm_rt_private_subnet",
      "provider": "provider[\"registry.terraform.io/hashicorp/aws\"]",
      "instances": [
        {
          "schema_version": 0,
          "attributes": {
            "gateway_id": "",
            "id": "rtbassoc-064b2316d32898c94",
            "route_table_id": "rtb-01e9c96e0146d58fa",
            "subnet_id": "subnet-0a5ad2ae5810229f3",
            "timeouts": null
          },
          "sensitive_attributes": [],
          "private": "eyJlMmJmYjczMC1lY2FhLTExZTYtOGY4OC0zNDM2M2JjN2M0YzAiOnsiY3JlYXRlIjozMDAwMDAwMDAwMDAsImRlbGV0ZSI6MzAwMDAwMDAwMDAwLCJ1cGRhdGUiOjEyMDAwMDAwMDAwMH19",
          "dependencies": [
            "aws_eip.arm_eip",
            "aws_internet_gateway.arm_igw",
            "aws_nat_gateway.arm_nat_gateway",
            "aws_route_table.arm_private_rt",
            "aws_subnet.arm_subnet_private",
            "aws_subnet.arm_subnet_public",
            "aws_vpc.arm_vpc"
          ]
        }
      ]
    },
    {
      "mode": "managed",
      "type": "aws_route_table_association",
      "name": "arm_rt_public_subnet",
      "provider": "provider[\"registry.terraform.io/hashicorp/aws\"]",
      "instances": [
        {
          "schema_version": 0,
          "attributes": {
            "gateway_id": "",
            "id": "rtbassoc-0a7a16b8d63c0e253",
            "route_table_id": "rtb-0152631297fde4e72",
            "subnet_id": "subnet-0db06699b2410d6f9",
            "timeouts": null
          },
          "sensitive_attributes": [],
          "private": "eyJlMmJmYjczMC1lY2FhLTExZTYtOGY4OC0zNDM2M2JjN2M0YzAiOnsiY3JlYXRlIjozMDAwMDAwMDAwMDAsImRlbGV0ZSI6MzAwMDAwMDAwMDAwLCJ1cGRhdGUiOjEyMDAwMDAwMDAwMH19",
          "dependencies": [
            "aws_internet_gateway.arm_igw",
            "aws_route_table.arm_public_rt",
            "aws_subnet.arm_subnet_public",
            "aws_vpc.arm_vpc"
          ]
        }
      ]
    },
    {
      "mode": "managed",
      "type": "aws_security_group",
      "name": "arm_security_group",
      "provider": "provider[\"registry.terraform.io/hashicorp/aws\"]",
      "instances": [
        {
          "schema_version": 1,
          "attributes": {
            "arn": "arn:aws:ec2:us-east-1:902308669087:security-group/sg-029f80b98216396e1",
            "description": "Security group for ARM EC2 instance",
            "egress": [
              {
                "cidr_blocks": [
                  "0.0.0.0/0"
                ],
                "description": "Allow all outbound traffic",
                "from_port": 0,
                "ipv6_cidr_blocks": [],
                "prefix_list_ids": [],
                "protocol": "-1",
                "security_groups": [],
                "self": false,
                "to_port": 0
              }
            ],
            "id": "sg-029f80b98216396e1",
            "ingress": [
              {
                "cidr_blocks": [
                  "0.0.0.0/0"
                ],
                "description": "Allow HTTP ingress",
                "from_port": 80,
                "ipv6_cidr_blocks": [],
                "prefix_list_ids": [],
                "protocol": "tcp",
                "security_groups": [],
                "self": false,
                "to_port": 80
              },
              {
                "cidr_blocks": [
                  "0.0.0.0/0"
                ],
                "description": "Allow HTTPS ingress",
                "from_port": 443,
                "ipv6_cidr_blocks": [],
                "prefix_list_ids": [],
                "protocol": "tcp",
                "security_groups": [],
                "self": false,
                "to_port": 443
              },
              {
                "cidr_blocks": [
                  "0.0.0.0/0"
                ],
                "description": "Allow SSH ingress",
                "from_port": 22,
                "ipv6_cidr_blocks": [],
                "prefix_list_ids": [],
                "protocol": "tcp",
                "security_groups": [],
                "self": false,
                "to_port": 22
              },
              {
                "cidr_blocks": [],
                "description": "Allow traffic in security group",
                "from_port": 0,
                "ipv6_cidr_blocks": [],
                "prefix_list_ids": [],
                "protocol": "-1",
                "security_groups": [],
                "self": true,
                "to_port": 0
              }
            ],
            "name": "arm_security_group",
            "name_prefix": "",
            "owner_id": "902308669087",
            "revoke_rules_on_delete": false,
            "tags": null,
            "tags_all": {
              "Project": "ARMProjekt"
            },
            "timeouts": null,
            "vpc_id": "vpc-0d8c6c83948652f6d"
          },
          "sensitive_attributes": [],
          "private": "eyJlMmJmYjczMC1lY2FhLTExZTYtOGY4OC0zNDM2M2JjN2M0YzAiOnsiY3JlYXRlIjo2MDAwMDAwMDAwMDAsImRlbGV0ZSI6OTAwMDAwMDAwMDAwfSwic2NoZW1hX3ZlcnNpb24iOiIxIn0=",
          "dependencies": [
            "aws_vpc.arm_vpc"
          ],
          "create_before_destroy": true
        }
      ]
    },
    {
      "mode": "managed",
      "type": "aws_subnet",
      "name": "arm_subnet_private",
      "provider": "provider[\"registry.terraform.io/hashicorp/aws\"]",
      "instances": [
        {
          "schema_version": 1,
          "attributes": {
            "arn": "arn:aws:ec2:us-east-1:902308669087:subnet/subnet-0a5ad2ae5810229f3",
            "assign_ipv6_address_on_creation": false,
            "availability_zone": "us-east-1f",
            "availability_zone_id": "use1-az5",
            "cidr_block": "10.19.1.0/24",
            "customer_owned_ipv4_pool": "",
            "enable_dns64": false,
            "enable_lni_at_device_index": 0,
            "enable_resource_name_dns_a_record_on_launch": false,
            "enable_resource_name_dns_aaaa_record_on_launch": false,
            "id": "subnet-0a5ad2ae5810229f3",
            "ipv6_cidr_block": "",
            "ipv6_cidr_block_association_id": "",
            "ipv6_native": false,
            "map_customer_owned_ip_on_launch": false,
            "map_public_ip_on_launch": false,
            "outpost_arn": "",
            "owner_id": "902308669087",
            "private_dns_hostname_type_on_launch": "ip-name",
            "tags": {
              "Name": "Private"
            },
            "tags_all": {
              "Name": "Private",
              "Project": "ARMProjekt"
            },
            "timeouts": null,
            "vpc_id": "vpc-0d8c6c83948652f6d"
          },
          "sensitive_attributes": [],
          "private": "eyJlMmJmYjczMC1lY2FhLTExZTYtOGY4OC0zNDM2M2JjN2M0YzAiOnsiY3JlYXRlIjo2MDAwMDAwMDAwMDAsImRlbGV0ZSI6MTIwMDAwMDAwMDAwMH0sInNjaGVtYV92ZXJzaW9uIjoiMSJ9",
          "dependencies": [
            "aws_vpc.arm_vpc"
          ]
        }
      ]
    },
    {
      "mode": "managed",
      "type": "aws_subnet",
      "name": "arm_subnet_public",
      "provider": "provider[\"registry.terraform.io/hashicorp/aws\"]",
      "instances": [
        {
          "schema_version": 1,
          "attributes": {
            "arn": "arn:aws:ec2:us-east-1:902308669087:subnet/subnet-0db06699b2410d6f9",
            "assign_ipv6_address_on_creation": false,
            "availability_zone": "us-east-1d",
            "availability_zone_id": "use1-az2",
            "cidr_block": "10.19.2.0/24",
            "customer_owned_ipv4_pool": "",
            "enable_dns64": false,
            "enable_lni_at_device_index": 0,
            "enable_resource_name_dns_a_record_on_launch": false,
            "enable_resource_name_dns_aaaa_record_on_launch": false,
            "id": "subnet-0db06699b2410d6f9",
            "ipv6_cidr_block": "",
            "ipv6_cidr_block_association_id": "",
            "ipv6_native": false,
            "map_customer_owned_ip_on_launch": false,
            "map_public_ip_on_launch": true,
            "outpost_arn": "",
            "owner_id": "902308669087",
            "private_dns_hostname_type_on_launch": "ip-name",
            "tags": {
              "Name": "Public"
            },
            "tags_all": {
              "Name": "Public",
              "Project": "ARMProjekt"
            },
            "timeouts": null,
            "vpc_id": "vpc-0d8c6c83948652f6d"
          },
          "sensitive_attributes": [],
          "private": "eyJlMmJmYjczMC1lY2FhLTExZTYtOGY4OC0zNDM2M2JjN2M0YzAiOnsiY3JlYXRlIjo2MDAwMDAwMDAwMDAsImRlbGV0ZSI6MTIwMDAwMDAwMDAwMH0sInNjaGVtYV92ZXJzaW9uIjoiMSJ9",
          "dependencies": [
            "aws_vpc.arm_vpc"
          ]
        }
      ]
    },
    {
      "mode": "managed",
      "type": "aws_vpc",
      "name": "arm_vpc",
      "provider": "provider[\"registry.terraform.io/hashicorp/aws\"]",
      "instances": [
        {
          "schema_version": 1,
          "attributes": {
            "arn": "arn:aws:ec2:us-east-1:902308669087:vpc/vpc-0d8c6c83948652f6d",
            "assign_generated_ipv6_cidr_block": false,
            "cidr_block": "10.19.0.0/16",
            "default_network_acl_id": "acl-03d58105120dece6c",
            "default_route_table_id": "rtb-0b02b29139a91c756",
            "default_security_group_id": "sg-0c05ab3a68a493a40",
            "dhcp_options_id": "dopt-01afa91bb7abea722",
            "enable_classiclink": false,
            "enable_classiclink_dns_support": false,
            "enable_dns_hostnames": true,
            "enable_dns_support": true,
            "enable_network_address_usage_metrics": false,
            "id": "vpc-0d8c6c83948652f6d",
            "instance_tenancy": "default",
            "ipv4_ipam_pool_id": null,
            "ipv4_netmask_length": null,
            "ipv6_association_id": "",
            "ipv6_cidr_block": "",
            "ipv6_cidr_block_network_border_group": "",
            "ipv6_ipam_pool_id": "",
            "ipv6_netmask_length": 0,
            "main_route_table_id": "rtb-0b02b29139a91c756",
            "owner_id": "902308669087",
            "tags": null,
            "tags_all": {
              "Project": "ARMProjekt"
            }
          },
          "sensitive_attributes": [],
          "private": "eyJzY2hlbWFfdmVyc2lvbiI6IjEifQ==",
          "create_before_destroy": true
        }
      ]
    }
  ],
  "check_results": null
}
